// !$*UTF8*$!
{
	archiveVersion = 1;
	classes = {
	};
	objectVersion = 46;
	objects = {

/* Begin PBXBuildFile section */
		D36468E317D13EE100ED32B4 /* UIKit.framework in Frameworks */ = {isa = PBXBuildFile; fileRef = D36468E217D13EE100ED32B4 /* UIKit.framework */; };
		D36468E517D13EE100ED32B4 /* Foundation.framework in Frameworks */ = {isa = PBXBuildFile; fileRef = D36468E417D13EE100ED32B4 /* Foundation.framework */; };
		D36468E717D13EE100ED32B4 /* CoreGraphics.framework in Frameworks */ = {isa = PBXBuildFile; fileRef = D36468E617D13EE100ED32B4 /* CoreGraphics.framework */; };
		D36468ED17D13EE100ED32B4 /* InfoPlist.strings in Resources */ = {isa = PBXBuildFile; fileRef = D36468EB17D13EE100ED32B4 /* InfoPlist.strings */; };
		D36468EF17D13EE100ED32B4 /* main.m in Sources */ = {isa = PBXBuildFile; fileRef = D36468EE17D13EE100ED32B4 /* main.m */; };
		D36468F317D13EE100ED32B4 /* AtomAppDelegate.m in Sources */ = {isa = PBXBuildFile; fileRef = D36468F217D13EE100ED32B4 /* AtomAppDelegate.m */; };
		D36468F517D13EE100ED32B4 /* Default.png in Resources */ = {isa = PBXBuildFile; fileRef = D36468F417D13EE100ED32B4 /* Default.png */; };
		D36468F717D13EE100ED32B4 /* Default@2x.png in Resources */ = {isa = PBXBuildFile; fileRef = D36468F617D13EE100ED32B4 /* Default@2x.png */; };
		D36468F917D13EE100ED32B4 /* Default-568h@2x.png in Resources */ = {isa = PBXBuildFile; fileRef = D36468F817D13EE100ED32B4 /* Default-568h@2x.png */; };
		D36468FC17D13EE100ED32B4 /* AtomViewController.m in Sources */ = {isa = PBXBuildFile; fileRef = D36468FB17D13EE100ED32B4 /* AtomViewController.m */; };
		D36468FF17D13EE100ED32B4 /* AtomViewController.xib in Resources */ = {isa = PBXBuildFile; fileRef = D36468FD17D13EE100ED32B4 /* AtomViewController.xib */; };
/* End PBXBuildFile section */

/* Begin PBXFileReference section */
		D36468DF17D13EE100ED32B4 /* AtomPullOver.app */ = {isa = PBXFileReference; explicitFileType = wrapper.application; includeInIndex = 0; path = AtomPullOver.app; sourceTree = BUILT_PRODUCTS_DIR; };
		D36468E217D13EE100ED32B4 /* UIKit.framework */ = {isa = PBXFileReference; lastKnownFileType = wrapper.framework; name = UIKit.framework; path = System/Library/Frameworks/UIKit.framework; sourceTree = SDKROOT; };
		D36468E417D13EE100ED32B4 /* Foundation.framework */ = {isa = PBXFileReference; lastKnownFileType = wrapper.framework; name = Foundation.framework; path = System/Library/Frameworks/Foundation.framework; sourceTree = SDKROOT; };
		D36468E617D13EE100ED32B4 /* CoreGraphics.framework */ = {isa = PBXFileReference; lastKnownFileType = wrapper.framework; name = CoreGraphics.framework; path = System/Library/Frameworks/CoreGraphics.framework; sourceTree = SDKROOT; };
		D36468EA17D13EE100ED32B4 /* AtomPullOver-Info.plist */ = {isa = PBXFileReference; lastKnownFileType = text.plist.xml; path = "AtomPullOver-Info.plist"; sourceTree = "<group>"; };
		D36468EC17D13EE100ED32B4 /* en */ = {isa = PBXFileReference; lastKnownFileType = text.plist.strings; name = en; path = en.lproj/InfoPlist.strings; sourceTree = "<group>"; };
		D36468EE17D13EE100ED32B4 /* main.m */ = {isa = PBXFileReference; lastKnownFileType = sourcecode.c.objc; path = main.m; sourceTree = "<group>"; };
		D36468F017D13EE100ED32B4 /* AtomPullOver-Prefix.pch */ = {isa = PBXFileReference; lastKnownFileType = sourcecode.c.h; path = "AtomPullOver-Prefix.pch"; sourceTree = "<group>"; };
		D36468F117D13EE100ED32B4 /* AtomAppDelegate.h */ = {isa = PBXFileReference; lastKnownFileType = sourcecode.c.h; path = AtomAppDelegate.h; sourceTree = "<group>"; };
		D36468F217D13EE100ED32B4 /* AtomAppDelegate.m */ = {isa = PBXFileReference; lastKnownFileType = sourcecode.c.objc; path = AtomAppDelegate.m; sourceTree = "<group>"; };
		D36468F417D13EE100ED32B4 /* Default.png */ = {isa = PBXFileReference; lastKnownFileType = image.png; path = Default.png; sourceTree = "<group>"; };
		D36468F617D13EE100ED32B4 /* Default@2x.png */ = {isa = PBXFileReference; lastKnownFileType = image.png; path = "Default@2x.png"; sourceTree = "<group>"; };
		D36468F817D13EE100ED32B4 /* Default-568h@2x.png */ = {isa = PBXFileReference; lastKnownFileType = image.png; path = "Default-568h@2x.png"; sourceTree = "<group>"; };
		D36468FA17D13EE100ED32B4 /* AtomViewController.h */ = {isa = PBXFileReference; lastKnownFileType = sourcecode.c.h; path = AtomViewController.h; sourceTree = "<group>"; };
		D36468FB17D13EE100ED32B4 /* AtomViewController.m */ = {isa = PBXFileReference; lastKnownFileType = sourcecode.c.objc; path = AtomViewController.m; sourceTree = "<group>"; };
		D36468FE17D13EE100ED32B4 /* en */ = {isa = PBXFileReference; lastKnownFileType = file.xib; name = en; path = en.lproj/AtomViewController.xib; sourceTree = "<group>"; };
/* End PBXFileReference section */

/* Begin PBXFrameworksBuildPhase section */
		D36468DC17D13EE100ED32B4 /* Frameworks */ = {
			isa = PBXFrameworksBuildPhase;
			buildActionMask = 2147483647;
			files = (
				D36468E317D13EE100ED32B4 /* UIKit.framework in Frameworks */,
				D36468E517D13EE100ED32B4 /* Foundation.framework in Frameworks */,
				D36468E717D13EE100ED32B4 /* CoreGraphics.framework in Frameworks */,
			);
			runOnlyForDeploymentPostprocessing = 0;
		};
/* End PBXFrameworksBuildPhase section */

/* Begin PBXGroup section */
		D36468D617D13EE100ED32B4 = {
			isa = PBXGroup;
			children = (
				D36468E817D13EE100ED32B4 /* AtomPullOver */,
				D36468E117D13EE100ED32B4 /* Frameworks */,
				D36468E017D13EE100ED32B4 /* Products */,
			);
			sourceTree = "<group>";
		};
		D36468E017D13EE100ED32B4 /* Products */ = {
			isa = PBXGroup;
			children = (
				D36468DF17D13EE100ED32B4 /* AtomPullOver.app */,
			);
			name = Products;
			sourceTree = "<group>";
		};
		D36468E117D13EE100ED32B4 /* Frameworks */ = {
			isa = PBXGroup;
			children = (
				D36468E217D13EE100ED32B4 /* UIKit.framework */,
				D36468E417D13EE100ED32B4 /* Foundation.framework */,
				D36468E617D13EE100ED32B4 /* CoreGraphics.framework */,
			);
			name = Frameworks;
			sourceTree = "<group>";
		};
		D36468E817D13EE100ED32B4 /* AtomPullOver */ = {
			isa = PBXGroup;
			children = (
				D36468F117D13EE100ED32B4 /* AtomAppDelegate.h */,
				D36468F217D13EE100ED32B4 /* AtomAppDelegate.m */,
				D36468FA17D13EE100ED32B4 /* AtomViewController.h */,
				D36468FB17D13EE100ED32B4 /* AtomViewController.m */,
				D36468FD17D13EE100ED32B4 /* AtomViewController.xib */,
				D36468E917D13EE100ED32B4 /* Supporting Files */,
			);
			path = AtomPullOver;
			sourceTree = "<group>";
		};
		D36468E917D13EE100ED32B4 /* Supporting Files */ = {
			isa = PBXGroup;
			children = (
				D36468EA17D13EE100ED32B4 /* AtomPullOver-Info.plist */,
				D36468EB17D13EE100ED32B4 /* InfoPlist.strings */,
				D36468EE17D13EE100ED32B4 /* main.m */,
				D36468F017D13EE100ED32B4 /* AtomPullOver-Prefix.pch */,
				D36468F417D13EE100ED32B4 /* Default.png */,
				D36468F617D13EE100ED32B4 /* Default@2x.png */,
				D36468F817D13EE100ED32B4 /* Default-568h@2x.png */,
			);
			name = "Supporting Files";
			sourceTree = "<group>";
		};
/* End PBXGroup section */

/* Begin PBXNativeTarget section */
		D36468DE17D13EE100ED32B4 /* AtomPullOver */ = {
			isa = PBXNativeTarget;
			buildConfigurationList = D364690217D13EE100ED32B4 /* Build configuration list for PBXNativeTarget "AtomPullOver" */;
			buildPhases = (
				D36468DB17D13EE100ED32B4 /* Sources */,
				D36468DC17D13EE100ED32B4 /* Frameworks */,
				D36468DD17D13EE100ED32B4 /* Resources */,
			);
			buildRules = (
			);
			dependencies = (
			);
			name = AtomPullOver;
			productName = AtomPullOver;
			productReference = D36468DF17D13EE100ED32B4 /* AtomPullOver.app */;
			productType = "com.apple.product-type.application";
		};
/* End PBXNativeTarget section */

/* Begin PBXProject section */
		D36468D717D13EE100ED32B4 /* Project object */ = {
			isa = PBXProject;
			attributes = {
				CLASSPREFIX = Atom;
				LastUpgradeCheck = 0460;
				ORGANIZATIONNAME = WideEyeLabs;
			};
			buildConfigurationList = D36468DA17D13EE100ED32B4 /* Build configuration list for PBXProject "AtomPullOver" */;
			compatibilityVersion = "Xcode 3.2";
			developmentRegion = English;
			hasScannedForEncodings = 0;
			knownRegions = (
				en,
			);
			mainGroup = D36468D617D13EE100ED32B4;
			productRefGroup = D36468E017D13EE100ED32B4 /* Products */;
			projectDirPath = "";
			projectRoot = "";
			targets = (
				D36468DE17D13EE100ED32B4 /* AtomPullOver */,
			);
		};
/* End PBXProject section */

/* Begin PBXResourcesBuildPhase section */
		D36468DD17D13EE100ED32B4 /* Resources */ = {
			isa = PBXResourcesBuildPhase;
			buildActionMask = 2147483647;
			files = (
				D36468ED17D13EE100ED32B4 /* InfoPlist.strings in Resources */,
				D36468F517D13EE100ED32B4 /* Default.png in Resources */,
				D36468F717D13EE100ED32B4 /* Default@2x.png in Resources */,
				D36468F917D13EE100ED32B4 /* Default-568h@2x.png in Resources */,
				D36468FF17D13EE100ED32B4 /* AtomViewController.xib in Resources */,
			);
			runOnlyForDeploymentPostprocessing = 0;
		};
/* End PBXResourcesBuildPhase section */

/* Begin PBXSourcesBuildPhase section */
		D36468DB17D13EE100ED32B4 /* Sources */ = {
			isa = PBXSourcesBuildPhase;
			buildActionMask = 2147483647;
			files = (
				D36468EF17D13EE100ED32B4 /* main.m in Sources */,
				D36468F317D13EE100ED32B4 /* AtomAppDelegate.m in Sources */,
				D36468FC17D13EE100ED32B4 /* AtomViewController.m in Sources */,
			);
			runOnlyForDeploymentPostprocessing = 0;
		};
/* End PBXSourcesBuildPhase section */

/* Begin PBXVariantGroup section */
		D36468EB17D13EE100ED32B4 /* InfoPlist.strings */ = {
			isa = PBXVariantGroup;
			children = (
				D36468EC17D13EE100ED32B4 /* en */,
			);
			name = InfoPlist.strings;
			sourceTree = "<group>";
		};
		D36468FD17D13EE100ED32B4 /* AtomViewController.xib */ = {
			isa = PBXVariantGroup;
			children = (
				D36468FE17D13EE100ED32B4 /* en */,
			);
			name = AtomViewController.xib;
			sourceTree = "<group>";
		};
/* End PBXVariantGroup section */

/* Begin XCBuildConfiguration section */
		D364690017D13EE100ED32B4 /* Debug */ = {
			isa = XCBuildConfiguration;
			buildSettings = {
				ALWAYS_SEARCH_USER_PATHS = NO;
				CLANG_CXX_LANGUAGE_STANDARD = "gnu++0x";
				CLANG_CXX_LIBRARY = "libc++";
				CLANG_WARN_CONSTANT_CONVERSION = YES;
				CLANG_WARN_EMPTY_BODY = YES;
				CLANG_WARN_ENUM_CONVERSION = YES;
				CLANG_WARN_INT_CONVERSION = YES;
				CLANG_WARN__DUPLICATE_METHOD_MATCH = YES;
				"CODE_SIGN_IDENTITY[sdk=iphoneos*]" = "iPhone Developer";
				COPY_PHASE_STRIP = NO;
				GCC_C_LANGUAGE_STANDARD = gnu99;
				GCC_DYNAMIC_NO_PIC = NO;
				GCC_OPTIMIZATION_LEVEL = 0;
				GCC_PREPROCESSOR_DEFINITIONS = (
					"DEBUG=1",
					"$(inherited)",
				);
				GCC_SYMBOLS_PRIVATE_EXTERN = NO;
				GCC_WARN_ABOUT_RETURN_TYPE = YES;
				GCC_WARN_UNINITIALIZED_AUTOS = YES;
				GCC_WARN_UNUSED_VARIABLE = YES;
				IPHONEOS_DEPLOYMENT_TARGET = 6.1;
				ONLY_ACTIVE_ARCH = YES;
				SDKROOT = iphoneos;
			};
			name = Debug;
		};
		D364690117D13EE100ED32B4 /* Release */ = {
			isa = XCBuildConfiguration;
			buildSettings = {
				ALWAYS_SEARCH_USER_PATHS = NO;
				CLANG_CXX_LANGUAGE_STANDARD = "gnu++0x";
				CLANG_CXX_LIBRARY = "libc++";
				CLANG_WARN_CONSTANT_CONVERSION = YES;
				CLANG_WARN_EMPTY_BODY = YES;
				CLANG_WARN_ENUM_CONVERSION = YES;
				CLANG_WARN_INT_CONVERSION = YES;
				CLANG_WARN__DUPLICATE_METHOD_MATCH = YES;
				"CODE_SIGN_IDENTITY[sdk=iphoneos*]" = "iPhone Developer";
				COPY_PHASE_STRIP = YES;
				GCC_C_LANGUAGE_STANDARD = gnu99;
				GCC_WARN_ABOUT_RETURN_TYPE = YES;
				GCC_WARN_UNINITIALIZED_AUTOS = YES;
				GCC_WARN_UNUSED_VARIABLE = YES;
				IPHONEOS_DEPLOYMENT_TARGET = 6.1;
				OTHER_CFLAGS = "-DNS_BLOCK_ASSERTIONS=1";
				SDKROOT = iphoneos;
				VALIDATE_PRODUCT = YES;
			};
			name = Release;
		};
		D364690317D13EE100ED32B4 /* Debug */ = {
			isa = XCBuildConfiguration;
			buildSettings = {
				GCC_PRECOMPILE_PREFIX_HEADER = YES;
				GCC_PREFIX_HEADER = "AtomPullOver/AtomPullOver-Prefix.pch";
				INFOPLIST_FILE = "AtomPullOver/AtomPullOver-Info.plist";
				PRODUCT_NAME = "$(TARGET_NAME)";
				WRAPPER_EXTENSION = app;
			};
			name = Debug;
		};
		D364690417D13EE100ED32B4 /* Release */ = {
			isa = XCBuildConfiguration;
			buildSettings = {
				GCC_PRECOMPILE_PREFIX_HEADER = YES;
				GCC_PREFIX_HEADER = "AtomPullOver/AtomPullOver-Prefix.pch";
				INFOPLIST_FILE = "AtomPullOver/AtomPullOver-Info.plist";
				PRODUCT_NAME = "$(TARGET_NAME)";
				WRAPPER_EXTENSION = app;
			};
			name = Release;
		};
/* End XCBuildConfiguration section */

/* Begin XCConfigurationList section */
		D36468DA17D13EE100ED32B4 /* Build configuration list for PBXProject "AtomPullOver" */ = {
			isa = XCConfigurationList;
			buildConfigurations = (
				D364690017D13EE100ED32B4 /* Debug */,
				D364690117D13EE100ED32B4 /* Release */,
			);
			defaultConfigurationIsVisible = 0;
			defaultConfigurationName = Release;
		};
		D364690217D13EE100ED32B4 /* Build configuration list for PBXNativeTarget "AtomPullOver" */ = {
			isa = XCConfigurationList;
			buildConfigurations = (
				D364690317D13EE100ED32B4 /* Debug */,
				D364690417D13EE100ED32B4 /* Release */,
			);
			defaultConfigurationIsVisible = 0;
		};
/* End XCConfigurationList section */
	};
	rootObject = D36468D717D13EE100ED32B4 /* Project object */;
}
