// !$*UTF8*$!
{
	archiveVersion = 1;
	classes = {
	};
	objectVersion = 46;
	objects = {

/* Begin PBXBuildFile section */
		D3001228B2BA4AE6982B784F /* libPods.a in Frameworks */ = {isa = PBXBuildFile; fileRef = B96F97EE0D6342B487F90FEB /* libPods.a */; };
		D364694117D13F5B00ED32B4 /* UIKit.framework in Frameworks */ = {isa = PBXBuildFile; fileRef = D364694017D13F5B00ED32B4 /* UIKit.framework */; };
		D364694317D13F5B00ED32B4 /* Foundation.framework in Frameworks */ = {isa = PBXBuildFile; fileRef = D364694217D13F5B00ED32B4 /* Foundation.framework */; };
		D364694517D13F5B00ED32B4 /* CoreGraphics.framework in Frameworks */ = {isa = PBXBuildFile; fileRef = D364694417D13F5B00ED32B4 /* CoreGraphics.framework */; };
		D364694B17D13F5B00ED32B4 /* InfoPlist.strings in Resources */ = {isa = PBXBuildFile; fileRef = D364694917D13F5B00ED32B4 /* InfoPlist.strings */; };
		D364694D17D13F5B00ED32B4 /* main.m in Sources */ = {isa = PBXBuildFile; fileRef = D364694C17D13F5B00ED32B4 /* main.m */; };
		D364695117D13F5B00ED32B4 /* AtomAppDelegate.m in Sources */ = {isa = PBXBuildFile; fileRef = D364695017D13F5B00ED32B4 /* AtomAppDelegate.m */; };
		D364695317D13F5B00ED32B4 /* Default.png in Resources */ = {isa = PBXBuildFile; fileRef = D364695217D13F5B00ED32B4 /* Default.png */; };
		D364695517D13F5B00ED32B4 /* Default@2x.png in Resources */ = {isa = PBXBuildFile; fileRef = D364695417D13F5B00ED32B4 /* Default@2x.png */; };
		D364695717D13F5B00ED32B4 /* Default-568h@2x.png in Resources */ = {isa = PBXBuildFile; fileRef = D364695617D13F5B00ED32B4 /* Default-568h@2x.png */; };
		D364695A17D13F5B00ED32B4 /* AtomViewController.m in Sources */ = {isa = PBXBuildFile; fileRef = D364695917D13F5B00ED32B4 /* AtomViewController.m */; };
		D364695D17D13F5B00ED32B4 /* AtomViewController.xib in Resources */ = {isa = PBXBuildFile; fileRef = D364695B17D13F5B00ED32B4 /* AtomViewController.xib */; };
/* End PBXBuildFile section */

/* Begin PBXFileReference section */
		63BC29BF82BA412990173B67 /* Pods.xcconfig */ = {isa = PBXFileReference; includeInIndex = 1; lastKnownFileType = text.xcconfig; name = Pods.xcconfig; path = Pods/Pods.xcconfig; sourceTree = SOURCE_ROOT; };
		B96F97EE0D6342B487F90FEB /* libPods.a */ = {isa = PBXFileReference; explicitFileType = archive.ar; includeInIndex = 0; path = libPods.a; sourceTree = BUILT_PRODUCTS_DIR; };
		D364693D17D13F5B00ED32B4 /* AtomPullOver.app */ = {isa = PBXFileReference; explicitFileType = wrapper.application; includeInIndex = 0; path = AtomPullOver.app; sourceTree = BUILT_PRODUCTS_DIR; };
		D364694017D13F5B00ED32B4 /* UIKit.framework */ = {isa = PBXFileReference; lastKnownFileType = wrapper.framework; name = UIKit.framework; path = System/Library/Frameworks/UIKit.framework; sourceTree = SDKROOT; };
		D364694217D13F5B00ED32B4 /* Foundation.framework */ = {isa = PBXFileReference; lastKnownFileType = wrapper.framework; name = Foundation.framework; path = System/Library/Frameworks/Foundation.framework; sourceTree = SDKROOT; };
		D364694417D13F5B00ED32B4 /* CoreGraphics.framework */ = {isa = PBXFileReference; lastKnownFileType = wrapper.framework; name = CoreGraphics.framework; path = System/Library/Frameworks/CoreGraphics.framework; sourceTree = SDKROOT; };
		D364694817D13F5B00ED32B4 /* AtomPullOver-Info.plist */ = {isa = PBXFileReference; lastKnownFileType = text.plist.xml; path = "AtomPullOver-Info.plist"; sourceTree = "<group>"; };
		D364694A17D13F5B00ED32B4 /* en */ = {isa = PBXFileReference; lastKnownFileType = text.plist.strings; name = en; path = en.lproj/InfoPlist.strings; sourceTree = "<group>"; };
		D364694C17D13F5B00ED32B4 /* main.m */ = {isa = PBXFileReference; lastKnownFileType = sourcecode.c.objc; path = main.m; sourceTree = "<group>"; };
		D364694E17D13F5B00ED32B4 /* AtomPullOver-Prefix.pch */ = {isa = PBXFileReference; lastKnownFileType = sourcecode.c.h; path = "AtomPullOver-Prefix.pch"; sourceTree = "<group>"; };
		D364694F17D13F5B00ED32B4 /* AtomAppDelegate.h */ = {isa = PBXFileReference; lastKnownFileType = sourcecode.c.h; path = AtomAppDelegate.h; sourceTree = "<group>"; };
		D364695017D13F5B00ED32B4 /* AtomAppDelegate.m */ = {isa = PBXFileReference; lastKnownFileType = sourcecode.c.objc; path = AtomAppDelegate.m; sourceTree = "<group>"; };
		D364695217D13F5B00ED32B4 /* Default.png */ = {isa = PBXFileReference; lastKnownFileType = image.png; path = Default.png; sourceTree = "<group>"; };
		D364695417D13F5B00ED32B4 /* Default@2x.png */ = {isa = PBXFileReference; lastKnownFileType = image.png; path = "Default@2x.png"; sourceTree = "<group>"; };
		D364695617D13F5B00ED32B4 /* Default-568h@2x.png */ = {isa = PBXFileReference; lastKnownFileType = image.png; path = "Default-568h@2x.png"; sourceTree = "<group>"; };
		D364695817D13F5B00ED32B4 /* AtomViewController.h */ = {isa = PBXFileReference; lastKnownFileType = sourcecode.c.h; path = AtomViewController.h; sourceTree = "<group>"; };
		D364695917D13F5B00ED32B4 /* AtomViewController.m */ = {isa = PBXFileReference; lastKnownFileType = sourcecode.c.objc; path = AtomViewController.m; sourceTree = "<group>"; };
		D364695C17D13F5B00ED32B4 /* en */ = {isa = PBXFileReference; lastKnownFileType = file.xib; name = en; path = en.lproj/AtomViewController.xib; sourceTree = "<group>"; };
/* End PBXFileReference section */

/* Begin PBXFrameworksBuildPhase section */
		D364693A17D13F5B00ED32B4 /* Frameworks */ = {
			isa = PBXFrameworksBuildPhase;
			buildActionMask = 2147483647;
			files = (
				D364694117D13F5B00ED32B4 /* UIKit.framework in Frameworks */,
				D364694317D13F5B00ED32B4 /* Foundation.framework in Frameworks */,
				D364694517D13F5B00ED32B4 /* CoreGraphics.framework in Frameworks */,
				D3001228B2BA4AE6982B784F /* libPods.a in Frameworks */,
			);
			runOnlyForDeploymentPostprocessing = 0;
		};
/* End PBXFrameworksBuildPhase section */

/* Begin PBXGroup section */
		D364693417D13F5B00ED32B4 = {
			isa = PBXGroup;
			children = (
				D364694617D13F5B00ED32B4 /* AtomPullOver */,
				D364693F17D13F5B00ED32B4 /* Frameworks */,
				D364693E17D13F5B00ED32B4 /* Products */,
				63BC29BF82BA412990173B67 /* Pods.xcconfig */,
			);
			sourceTree = "<group>";
		};
		D364693E17D13F5B00ED32B4 /* Products */ = {
			isa = PBXGroup;
			children = (
				D364693D17D13F5B00ED32B4 /* AtomPullOver.app */,
			);
			name = Products;
			sourceTree = "<group>";
		};
		D364693F17D13F5B00ED32B4 /* Frameworks */ = {
			isa = PBXGroup;
			children = (
				D364694017D13F5B00ED32B4 /* UIKit.framework */,
				D364694217D13F5B00ED32B4 /* Foundation.framework */,
				D364694417D13F5B00ED32B4 /* CoreGraphics.framework */,
				B96F97EE0D6342B487F90FEB /* libPods.a */,
			);
			name = Frameworks;
			sourceTree = "<group>";
		};
		D364694617D13F5B00ED32B4 /* AtomPullOver */ = {
			isa = PBXGroup;
			children = (
				D364694F17D13F5B00ED32B4 /* AtomAppDelegate.h */,
				D364695017D13F5B00ED32B4 /* AtomAppDelegate.m */,
				D364695817D13F5B00ED32B4 /* AtomViewController.h */,
				D364695917D13F5B00ED32B4 /* AtomViewController.m */,
				D364695B17D13F5B00ED32B4 /* AtomViewController.xib */,
				D364694717D13F5B00ED32B4 /* Supporting Files */,
			);
			path = AtomPullOver;
			sourceTree = "<group>";
		};
		D364694717D13F5B00ED32B4 /* Supporting Files */ = {
			isa = PBXGroup;
			children = (
				D364694817D13F5B00ED32B4 /* AtomPullOver-Info.plist */,
				D364694917D13F5B00ED32B4 /* InfoPlist.strings */,
				D364694C17D13F5B00ED32B4 /* main.m */,
				D364694E17D13F5B00ED32B4 /* AtomPullOver-Prefix.pch */,
				D364695217D13F5B00ED32B4 /* Default.png */,
				D364695417D13F5B00ED32B4 /* Default@2x.png */,
				D364695617D13F5B00ED32B4 /* Default-568h@2x.png */,
			);
			name = "Supporting Files";
			sourceTree = "<group>";
		};
/* End PBXGroup section */

/* Begin PBXNativeTarget section */
		D364693C17D13F5B00ED32B4 /* AtomPullOver */ = {
			isa = PBXNativeTarget;
			buildConfigurationList = D364696017D13F5B00ED32B4 /* Build configuration list for PBXNativeTarget "AtomPullOver" */;
			buildPhases = (
				0DB851304D82431A8A7241CE /* Check Pods Manifest.lock */,
				D364693917D13F5B00ED32B4 /* Sources */,
				D364693A17D13F5B00ED32B4 /* Frameworks */,
				D364693B17D13F5B00ED32B4 /* Resources */,
				3E2475A7C5B040FDBEC0D354 /* Copy Pods Resources */,
			);
			buildRules = (
			);
			dependencies = (
			);
			name = AtomPullOver;
			productName = AtomPullOver;
			productReference = D364693D17D13F5B00ED32B4 /* AtomPullOver.app */;
			productType = "com.apple.product-type.application";
		};
/* End PBXNativeTarget section */

/* Begin PBXProject section */
		D364693517D13F5B00ED32B4 /* Project object */ = {
			isa = PBXProject;
			attributes = {
				CLASSPREFIX = Atom;
				LastUpgradeCheck = 0460;
				ORGANIZATIONNAME = WideEyeLabs;
			};
			buildConfigurationList = D364693817D13F5B00ED32B4 /* Build configuration list for PBXProject "AtomPullOver" */;
			compatibilityVersion = "Xcode 3.2";
			developmentRegion = English;
			hasScannedForEncodings = 0;
			knownRegions = (
				en,
			);
			mainGroup = D364693417D13F5B00ED32B4;
			productRefGroup = D364693E17D13F5B00ED32B4 /* Products */;
			projectDirPath = "";
			projectRoot = "";
			targets = (
				D364693C17D13F5B00ED32B4 /* AtomPullOver */,
			);
		};
/* End PBXProject section */

/* Begin PBXResourcesBuildPhase section */
		D364693B17D13F5B00ED32B4 /* Resources */ = {
			isa = PBXResourcesBuildPhase;
			buildActionMask = 2147483647;
			files = (
				D364694B17D13F5B00ED32B4 /* InfoPlist.strings in Resources */,
				D364695317D13F5B00ED32B4 /* Default.png in Resources */,
				D364695517D13F5B00ED32B4 /* Default@2x.png in Resources */,
				D364695717D13F5B00ED32B4 /* Default-568h@2x.png in Resources */,
				D364695D17D13F5B00ED32B4 /* AtomViewController.xib in Resources */,
			);
			runOnlyForDeploymentPostprocessing = 0;
		};
/* End PBXResourcesBuildPhase section */

/* Begin PBXShellScriptBuildPhase section */
		0DB851304D82431A8A7241CE /* Check Pods Manifest.lock */ = {
			isa = PBXShellScriptBuildPhase;
			buildActionMask = 2147483647;
			files = (
			);
			inputPaths = (
			);
			name = "Check Pods Manifest.lock";
			outputPaths = (
			);
			runOnlyForDeploymentPostprocessing = 0;
			shellPath = /bin/sh;
			shellScript = "diff \"${PODS_ROOT}/../Podfile.lock\" \"${PODS_ROOT}/Manifest.lock\" > /dev/null\nif [[ $? != 0 ]] ; then\n    cat << EOM\nerror: The sandbox is not in sync with the Podfile.lock. Run 'pod install' or update your CocoaPods installation.\nEOM\n    exit 1\nfi\n";
			showEnvVarsInLog = 0;
		};
		3E2475A7C5B040FDBEC0D354 /* Copy Pods Resources */ = {
			isa = PBXShellScriptBuildPhase;
			buildActionMask = 2147483647;
			files = (
			);
			inputPaths = (
			);
			name = "Copy Pods Resources";
			outputPaths = (
			);
			runOnlyForDeploymentPostprocessing = 0;
			shellPath = /bin/sh;
			shellScript = "\"${SRCROOT}/Pods/Pods-resources.sh\"\n";
			showEnvVarsInLog = 0;
		};
/* End PBXShellScriptBuildPhase section */

/* Begin PBXSourcesBuildPhase section */
		D364693917D13F5B00ED32B4 /* Sources */ = {
			isa = PBXSourcesBuildPhase;
			buildActionMask = 2147483647;
			files = (
				D364694D17D13F5B00ED32B4 /* main.m in Sources */,
				D364695117D13F5B00ED32B4 /* AtomAppDelegate.m in Sources */,
				D364695A17D13F5B00ED32B4 /* AtomViewController.m in Sources */,
			);
			runOnlyForDeploymentPostprocessing = 0;
		};
/* End PBXSourcesBuildPhase section */

/* Begin PBXVariantGroup section */
		D364694917D13F5B00ED32B4 /* InfoPlist.strings */ = {
			isa = PBXVariantGroup;
			children = (
				D364694A17D13F5B00ED32B4 /* en */,
			);
			name = InfoPlist.strings;
			sourceTree = "<group>";
		};
		D364695B17D13F5B00ED32B4 /* AtomViewController.xib */ = {
			isa = PBXVariantGroup;
			children = (
				D364695C17D13F5B00ED32B4 /* en */,
			);
			name = AtomViewController.xib;
			sourceTree = "<group>";
		};
/* End PBXVariantGroup section */

/* Begin XCBuildConfiguration section */
		D364695E17D13F5B00ED32B4 /* Debug */ = {
			isa = XCBuildConfiguration;
			buildSettings = {
				ALWAYS_SEARCH_USER_PATHS = NO;
				CLANG_CXX_LANGUAGE_STANDARD = "gnu++0x";
				CLANG_CXX_LIBRARY = "libc++";
				CLANG_ENABLE_OBJC_ARC = YES;
				CLANG_WARN_CONSTANT_CONVERSION = YES;
				CLANG_WARN_EMPTY_BODY = YES;
				CLANG_WARN_ENUM_CONVERSION = YES;
				CLANG_WARN_INT_CONVERSION = YES;
				CLANG_WARN__DUPLICATE_METHOD_MATCH = YES;
				"CODE_SIGN_IDENTITY[sdk=iphoneos*]" = "iPhone Developer";
				COPY_PHASE_STRIP = NO;
				GCC_C_LANGUAGE_STANDARD = gnu99;
				GCC_DYNAMIC_NO_PIC = NO;
				GCC_OPTIMIZATION_LEVEL = 0;
				GCC_PREPROCESSOR_DEFINITIONS = (
					"DEBUG=1",
					"$(inherited)",
				);
				GCC_SYMBOLS_PRIVATE_EXTERN = NO;
				GCC_WARN_ABOUT_RETURN_TYPE = YES;
				GCC_WARN_UNINITIALIZED_AUTOS = YES;
				GCC_WARN_UNUSED_VARIABLE = YES;
				IPHONEOS_DEPLOYMENT_TARGET = 6.1;
				ONLY_ACTIVE_ARCH = YES;
				SDKROOT = iphoneos;
			};
			name = Debug;
		};
		D364695F17D13F5B00ED32B4 /* Release */ = {
			isa = XCBuildConfiguration;
			buildSettings = {
				ALWAYS_SEARCH_USER_PATHS = NO;
				CLANG_CXX_LANGUAGE_STANDARD = "gnu++0x";
				CLANG_CXX_LIBRARY = "libc++";
				CLANG_ENABLE_OBJC_ARC = YES;
				CLANG_WARN_CONSTANT_CONVERSION = YES;
				CLANG_WARN_EMPTY_BODY = YES;
				CLANG_WARN_ENUM_CONVERSION = YES;
				CLANG_WARN_INT_CONVERSION = YES;
				CLANG_WARN__DUPLICATE_METHOD_MATCH = YES;
				"CODE_SIGN_IDENTITY[sdk=iphoneos*]" = "iPhone Developer";
				COPY_PHASE_STRIP = YES;
				GCC_C_LANGUAGE_STANDARD = gnu99;
				GCC_WARN_ABOUT_RETURN_TYPE = YES;
				GCC_WARN_UNINITIALIZED_AUTOS = YES;
				GCC_WARN_UNUSED_VARIABLE = YES;
				IPHONEOS_DEPLOYMENT_TARGET = 6.1;
				OTHER_CFLAGS = "-DNS_BLOCK_ASSERTIONS=1";
				SDKROOT = iphoneos;
				VALIDATE_PRODUCT = YES;
			};
			name = Release;
		};
		D364696117D13F5B00ED32B4 /* Debug */ = {
			isa = XCBuildConfiguration;
			baseConfigurationReference = 63BC29BF82BA412990173B67 /* Pods.xcconfig */;
			buildSettings = {
				GCC_PRECOMPILE_PREFIX_HEADER = YES;
				GCC_PREFIX_HEADER = "AtomPullOver/AtomPullOver-Prefix.pch";
				INFOPLIST_FILE = "AtomPullOver/AtomPullOver-Info.plist";
				PRODUCT_NAME = "$(TARGET_NAME)";
				WRAPPER_EXTENSION = app;
			};
			name = Debug;
		};
		D364696217D13F5B00ED32B4 /* Release */ = {
			isa = XCBuildConfiguration;
			baseConfigurationReference = 63BC29BF82BA412990173B67 /* Pods.xcconfig */;
			buildSettings = {
				GCC_PRECOMPILE_PREFIX_HEADER = YES;
				GCC_PREFIX_HEADER = "AtomPullOver/AtomPullOver-Prefix.pch";
				INFOPLIST_FILE = "AtomPullOver/AtomPullOver-Info.plist";
				PRODUCT_NAME = "$(TARGET_NAME)";
				WRAPPER_EXTENSION = app;
			};
			name = Release;
		};
/* End XCBuildConfiguration section */

/* Begin XCConfigurationList section */
		D364693817D13F5B00ED32B4 /* Build configuration list for PBXProject "AtomPullOver" */ = {
			isa = XCConfigurationList;
			buildConfigurations = (
				D364695E17D13F5B00ED32B4 /* Debug */,
				D364695F17D13F5B00ED32B4 /* Release */,
			);
			defaultConfigurationIsVisible = 0;
			defaultConfigurationName = Release;
		};
		D364696017D13F5B00ED32B4 /* Build configuration list for PBXNativeTarget "AtomPullOver" */ = {
			isa = XCConfigurationList;
			buildConfigurations = (
				D364696117D13F5B00ED32B4 /* Debug */,
				D364696217D13F5B00ED32B4 /* Release */,
			);
			defaultConfigurationIsVisible = 0;
			defaultConfigurationName = Release;
		};
/* End XCConfigurationList section */
	};
	rootObject = D364693517D13F5B00ED32B4 /* Project object */;
}
